// !$*UTF8*$!
{
	archiveVersion = 1;
	classes = {
	};
	objectVersion = 46;
	objects = {

/* Begin PBXBuildFile section */
		1B05B67B1860E73500C04576 /* Foundation.framework in Frameworks */ = {isa = PBXBuildFile; fileRef = 1B05B67A1860E73500C04576 /* Foundation.framework */; };
		1B05B67D1860E73500C04576 /* CoreGraphics.framework in Frameworks */ = {isa = PBXBuildFile; fileRef = 1B05B67C1860E73500C04576 /* CoreGraphics.framework */; };
		1B05B67F1860E73500C04576 /* UIKit.framework in Frameworks */ = {isa = PBXBuildFile; fileRef = 1B05B67E1860E73500C04576 /* UIKit.framework */; };
		1B05B6851860E73500C04576 /* InfoPlist.strings in Resources */ = {isa = PBXBuildFile; fileRef = 1B05B6831860E73500C04576 /* InfoPlist.strings */; };
		1B05B6871860E73500C04576 /* main.m in Sources */ = {isa = PBXBuildFile; fileRef = 1B05B6861860E73500C04576 /* main.m */; };
		1B05B68B1860E73500C04576 /* AppDelegate.m in Sources */ = {isa = PBXBuildFile; fileRef = 1B05B68A1860E73500C04576 /* AppDelegate.m */; };
		1B05B68E1860E73500C04576 /* Main.storyboard in Resources */ = {isa = PBXBuildFile; fileRef = 1B05B68C1860E73500C04576 /* Main.storyboard */; };
		1B05B6911860E73500C04576 /* ViewController.m in Sources */ = {isa = PBXBuildFile; fileRef = 1B05B6901860E73500C04576 /* ViewController.m */; };
		1B05B6931860E73500C04576 /* Images.xcassets in Resources */ = {isa = PBXBuildFile; fileRef = 1B05B6921860E73500C04576 /* Images.xcassets */; };
		1B05B69A1860E73500C04576 /* XCTest.framework in Frameworks */ = {isa = PBXBuildFile; fileRef = 1B05B6991860E73500C04576 /* XCTest.framework */; };
		1B05B69B1860E73500C04576 /* Foundation.framework in Frameworks */ = {isa = PBXBuildFile; fileRef = 1B05B67A1860E73500C04576 /* Foundation.framework */; };
		1B05B69C1860E73500C04576 /* UIKit.framework in Frameworks */ = {isa = PBXBuildFile; fileRef = 1B05B67E1860E73500C04576 /* UIKit.framework */; };
		1B05B6A41860E73500C04576 /* InfoPlist.strings in Resources */ = {isa = PBXBuildFile; fileRef = 1B05B6A21860E73500C04576 /* InfoPlist.strings */; };
		1B05B6A61860E73500C04576 /* iOS_RegExp_TesterTests.m in Sources */ = {isa = PBXBuildFile; fileRef = 1B05B6A51860E73500C04576 /* iOS_RegExp_TesterTests.m */; };
		1B05B6B01860E96900C04576 /* QuartzCore.framework in Frameworks */ = {isa = PBXBuildFile; fileRef = 1B05B6AF1860E96900C04576 /* QuartzCore.framework */; };
/* End PBXBuildFile section */

/* Begin PBXContainerItemProxy section */
		1B05B69D1860E73500C04576 /* PBXContainerItemProxy */ = {
			isa = PBXContainerItemProxy;
			containerPortal = 1B05B66F1860E73500C04576 /* Project object */;
			proxyType = 1;
			remoteGlobalIDString = 1B05B6761860E73500C04576;
			remoteInfo = "iOS RegExp Tester";
		};
/* End PBXContainerItemProxy section */

/* Begin PBXFileReference section */
		1B05B6771860E73500C04576 /* iOS RegExp Tester.app */ = {isa = PBXFileReference; explicitFileType = wrapper.application; includeInIndex = 0; path = "iOS RegExp Tester.app"; sourceTree = BUILT_PRODUCTS_DIR; };
		1B05B67A1860E73500C04576 /* Foundation.framework */ = {isa = PBXFileReference; lastKnownFileType = wrapper.framework; name = Foundation.framework; path = System/Library/Frameworks/Foundation.framework; sourceTree = SDKROOT; };
		1B05B67C1860E73500C04576 /* CoreGraphics.framework */ = {isa = PBXFileReference; lastKnownFileType = wrapper.framework; name = CoreGraphics.framework; path = System/Library/Frameworks/CoreGraphics.framework; sourceTree = SDKROOT; };
		1B05B67E1860E73500C04576 /* UIKit.framework */ = {isa = PBXFileReference; lastKnownFileType = wrapper.framework; name = UIKit.framework; path = System/Library/Frameworks/UIKit.framework; sourceTree = SDKROOT; };
		1B05B6821860E73500C04576 /* iOS RegExp Tester-Info.plist */ = {isa = PBXFileReference; lastKnownFileType = text.plist.xml; path = "iOS RegExp Tester-Info.plist"; sourceTree = "<group>"; };
		1B05B6841860E73500C04576 /* en */ = {isa = PBXFileReference; lastKnownFileType = text.plist.strings; name = en; path = en.lproj/InfoPlist.strings; sourceTree = "<group>"; };
		1B05B6861860E73500C04576 /* main.m */ = {isa = PBXFileReference; lastKnownFileType = sourcecode.c.objc; path = main.m; sourceTree = "<group>"; };
		1B05B6881860E73500C04576 /* iOS RegExp Tester-Prefix.pch */ = {isa = PBXFileReference; lastKnownFileType = sourcecode.c.h; path = "iOS RegExp Tester-Prefix.pch"; sourceTree = "<group>"; };
		1B05B6891860E73500C04576 /* AppDelegate.h */ = {isa = PBXFileReference; lastKnownFileType = sourcecode.c.h; path = AppDelegate.h; sourceTree = "<group>"; };
		1B05B68A1860E73500C04576 /* AppDelegate.m */ = {isa = PBXFileReference; lastKnownFileType = sourcecode.c.objc; path = AppDelegate.m; sourceTree = "<group>"; };
		1B05B68D1860E73500C04576 /* Base */ = {isa = PBXFileReference; lastKnownFileType = file.storyboard; name = Base; path = Base.lproj/Main.storyboard; sourceTree = "<group>"; };
		1B05B68F1860E73500C04576 /* ViewController.h */ = {isa = PBXFileReference; lastKnownFileType = sourcecode.c.h; path = ViewController.h; sourceTree = "<group>"; };
		1B05B6901860E73500C04576 /* ViewController.m */ = {isa = PBXFileReference; lastKnownFileType = sourcecode.c.objc; path = ViewController.m; sourceTree = "<group>"; };
		1B05B6921860E73500C04576 /* Images.xcassets */ = {isa = PBXFileReference; lastKnownFileType = folder.assetcatalog; path = Images.xcassets; sourceTree = "<group>"; };
		1B05B6981860E73500C04576 /* iOS RegExp TesterTests.xctest */ = {isa = PBXFileReference; explicitFileType = wrapper.cfbundle; includeInIndex = 0; path = "iOS RegExp TesterTests.xctest"; sourceTree = BUILT_PRODUCTS_DIR; };
		1B05B6991860E73500C04576 /* XCTest.framework */ = {isa = PBXFileReference; lastKnownFileType = wrapper.framework; name = XCTest.framework; path = Library/Frameworks/XCTest.framework; sourceTree = DEVELOPER_DIR; };
		1B05B6A11860E73500C04576 /* iOS RegExp TesterTests-Info.plist */ = {isa = PBXFileReference; lastKnownFileType = text.plist.xml; path = "iOS RegExp TesterTests-Info.plist"; sourceTree = "<group>"; };
		1B05B6A31860E73500C04576 /* en */ = {isa = PBXFileReference; lastKnownFileType = text.plist.strings; name = en; path = en.lproj/InfoPlist.strings; sourceTree = "<group>"; };
		1B05B6A51860E73500C04576 /* iOS_RegExp_TesterTests.m */ = {isa = PBXFileReference; lastKnownFileType = sourcecode.c.objc; path = iOS_RegExp_TesterTests.m; sourceTree = "<group>"; };
		1B05B6AF1860E96900C04576 /* QuartzCore.framework */ = {isa = PBXFileReference; lastKnownFileType = wrapper.framework; name = QuartzCore.framework; path = System/Library/Frameworks/QuartzCore.framework; sourceTree = SDKROOT; };
/* End PBXFileReference section */

/* Begin PBXFrameworksBuildPhase section */
		1B05B6741860E73500C04576 /* Frameworks */ = {
			isa = PBXFrameworksBuildPhase;
			buildActionMask = 2147483647;
			files = (
				1B05B6B01860E96900C04576 /* QuartzCore.framework in Frameworks */,
				1B05B67D1860E73500C04576 /* CoreGraphics.framework in Frameworks */,
				1B05B67F1860E73500C04576 /* UIKit.framework in Frameworks */,
				1B05B67B1860E73500C04576 /* Foundation.framework in Frameworks */,
			);
			runOnlyForDeploymentPostprocessing = 0;
		};
		1B05B6951860E73500C04576 /* Frameworks */ = {
			isa = PBXFrameworksBuildPhase;
			buildActionMask = 2147483647;
			files = (
				1B05B69A1860E73500C04576 /* XCTest.framework in Frameworks */,
				1B05B69C1860E73500C04576 /* UIKit.framework in Frameworks */,
				1B05B69B1860E73500C04576 /* Foundation.framework in Frameworks */,
			);
			runOnlyForDeploymentPostprocessing = 0;
		};
/* End PBXFrameworksBuildPhase section */

/* Begin PBXGroup section */
		1B05B66E1860E73500C04576 = {
			isa = PBXGroup;
			children = (
				1B05B6801860E73500C04576 /* iOS RegExp Tester */,
				1B05B69F1860E73500C04576 /* iOS RegExp TesterTests */,
				1B05B6791860E73500C04576 /* Frameworks */,
				1B05B6781860E73500C04576 /* Products */,
			);
			sourceTree = "<group>";
		};
		1B05B6781860E73500C04576 /* Products */ = {
			isa = PBXGroup;
			children = (
				1B05B6771860E73500C04576 /* iOS RegExp Tester.app */,
				1B05B6981860E73500C04576 /* iOS RegExp TesterTests.xctest */,
			);
			name = Products;
			sourceTree = "<group>";
		};
		1B05B6791860E73500C04576 /* Frameworks */ = {
			isa = PBXGroup;
			children = (
				1B05B6AF1860E96900C04576 /* QuartzCore.framework */,
				1B05B67A1860E73500C04576 /* Foundation.framework */,
				1B05B67C1860E73500C04576 /* CoreGraphics.framework */,
				1B05B67E1860E73500C04576 /* UIKit.framework */,
				1B05B6991860E73500C04576 /* XCTest.framework */,
			);
			name = Frameworks;
			sourceTree = "<group>";
		};
		1B05B6801860E73500C04576 /* iOS RegExp Tester */ = {
			isa = PBXGroup;
			children = (
				1B05B6891860E73500C04576 /* AppDelegate.h */,
				1B05B68A1860E73500C04576 /* AppDelegate.m */,
				1B05B68C1860E73500C04576 /* Main.storyboard */,
				1B05B68F1860E73500C04576 /* ViewController.h */,
				1B05B6901860E73500C04576 /* ViewController.m */,
				1B05B6921860E73500C04576 /* Images.xcassets */,
				1B05B6811860E73500C04576 /* Supporting Files */,
			);
			path = "iOS RegExp Tester";
			sourceTree = "<group>";
		};
		1B05B6811860E73500C04576 /* Supporting Files */ = {
			isa = PBXGroup;
			children = (
				1B05B6821860E73500C04576 /* iOS RegExp Tester-Info.plist */,
				1B05B6831860E73500C04576 /* InfoPlist.strings */,
				1B05B6861860E73500C04576 /* main.m */,
				1B05B6881860E73500C04576 /* iOS RegExp Tester-Prefix.pch */,
			);
			name = "Supporting Files";
			sourceTree = "<group>";
		};
		1B05B69F1860E73500C04576 /* iOS RegExp TesterTests */ = {
			isa = PBXGroup;
			children = (
				1B05B6A51860E73500C04576 /* iOS_RegExp_TesterTests.m */,
				1B05B6A01860E73500C04576 /* Supporting Files */,
			);
			path = "iOS RegExp TesterTests";
			sourceTree = "<group>";
		};
		1B05B6A01860E73500C04576 /* Supporting Files */ = {
			isa = PBXGroup;
			children = (
				1B05B6A11860E73500C04576 /* iOS RegExp TesterTests-Info.plist */,
				1B05B6A21860E73500C04576 /* InfoPlist.strings */,
			);
			name = "Supporting Files";
			sourceTree = "<group>";
		};
/* End PBXGroup section */

/* Begin PBXNativeTarget section */
		1B05B6761860E73500C04576 /* iOS RegExp Tester */ = {
			isa = PBXNativeTarget;
			buildConfigurationList = 1B05B6A91860E73500C04576 /* Build configuration list for PBXNativeTarget "iOS RegExp Tester" */;
			buildPhases = (
				1B05B6731860E73500C04576 /* Sources */,
				1B05B6741860E73500C04576 /* Frameworks */,
				1B05B6751860E73500C04576 /* Resources */,
			);
			buildRules = (
			);
			dependencies = (
			);
			name = "iOS RegExp Tester";
			productName = "iOS RegExp Tester";
			productReference = 1B05B6771860E73500C04576 /* iOS RegExp Tester.app */;
			productType = "com.apple.product-type.application";
		};
		1B05B6971860E73500C04576 /* iOS RegExp TesterTests */ = {
			isa = PBXNativeTarget;
			buildConfigurationList = 1B05B6AC1860E73500C04576 /* Build configuration list for PBXNativeTarget "iOS RegExp TesterTests" */;
			buildPhases = (
				1B05B6941860E73500C04576 /* Sources */,
				1B05B6951860E73500C04576 /* Frameworks */,
				1B05B6961860E73500C04576 /* Resources */,
			);
			buildRules = (
			);
			dependencies = (
				1B05B69E1860E73500C04576 /* PBXTargetDependency */,
			);
			name = "iOS RegExp TesterTests";
			productName = "iOS RegExp TesterTests";
			productReference = 1B05B6981860E73500C04576 /* iOS RegExp TesterTests.xctest */;
			productType = "com.apple.product-type.bundle.unit-test";
		};
/* End PBXNativeTarget section */

/* Begin PBXProject section */
		1B05B66F1860E73500C04576 /* Project object */ = {
			isa = PBXProject;
			attributes = {
				LastUpgradeCheck = 0510;
				ORGANIZATIONNAME = GuildApp;
				TargetAttributes = {
					1B05B6971860E73500C04576 = {
						TestTargetID = 1B05B6761860E73500C04576;
					};
				};
			};
			buildConfigurationList = 1B05B6721860E73500C04576 /* Build configuration list for PBXProject "iOS RegExp Tester" */;
			compatibilityVersion = "Xcode 3.2";
			developmentRegion = English;
			hasScannedForEncodings = 0;
			knownRegions = (
				en,
				Base,
			);
			mainGroup = 1B05B66E1860E73500C04576;
			productRefGroup = 1B05B6781860E73500C04576 /* Products */;
			projectDirPath = "";
			projectRoot = "";
			targets = (
				1B05B6761860E73500C04576 /* iOS RegExp Tester */,
				1B05B6971860E73500C04576 /* iOS RegExp TesterTests */,
			);
		};
/* End PBXProject section */

/* Begin PBXResourcesBuildPhase section */
		1B05B6751860E73500C04576 /* Resources */ = {
			isa = PBXResourcesBuildPhase;
			buildActionMask = 2147483647;
			files = (
				1B05B6931860E73500C04576 /* Images.xcassets in Resources */,
				1B05B6851860E73500C04576 /* InfoPlist.strings in Resources */,
				1B05B68E1860E73500C04576 /* Main.storyboard in Resources */,
			);
			runOnlyForDeploymentPostprocessing = 0;
		};
		1B05B6961860E73500C04576 /* Resources */ = {
			isa = PBXResourcesBuildPhase;
			buildActionMask = 2147483647;
			files = (
				1B05B6A41860E73500C04576 /* InfoPlist.strings in Resources */,
			);
			runOnlyForDeploymentPostprocessing = 0;
		};
/* End PBXResourcesBuildPhase section */

/* Begin PBXSourcesBuildPhase section */
		1B05B6731860E73500C04576 /* Sources */ = {
			isa = PBXSourcesBuildPhase;
			buildActionMask = 2147483647;
			files = (
				1B05B6911860E73500C04576 /* ViewController.m in Sources */,
				1B05B68B1860E73500C04576 /* AppDelegate.m in Sources */,
				1B05B6871860E73500C04576 /* main.m in Sources */,
			);
			runOnlyForDeploymentPostprocessing = 0;
		};
		1B05B6941860E73500C04576 /* Sources */ = {
			isa = PBXSourcesBuildPhase;
			buildActionMask = 2147483647;
			files = (
				1B05B6A61860E73500C04576 /* iOS_RegExp_TesterTests.m in Sources */,
			);
			runOnlyForDeploymentPostprocessing = 0;
		};
/* End PBXSourcesBuildPhase section */

/* Begin PBXTargetDependency section */
		1B05B69E1860E73500C04576 /* PBXTargetDependency */ = {
			isa = PBXTargetDependency;
			target = 1B05B6761860E73500C04576 /* iOS RegExp Tester */;
			targetProxy = 1B05B69D1860E73500C04576 /* PBXContainerItemProxy */;
		};
/* End PBXTargetDependency section */

/* Begin PBXVariantGroup section */
		1B05B6831860E73500C04576 /* InfoPlist.strings */ = {
			isa = PBXVariantGroup;
			children = (
				1B05B6841860E73500C04576 /* en */,
			);
			name = InfoPlist.strings;
			sourceTree = "<group>";
		};
		1B05B68C1860E73500C04576 /* Main.storyboard */ = {
			isa = PBXVariantGroup;
			children = (
				1B05B68D1860E73500C04576 /* Base */,
			);
			name = Main.storyboard;
			sourceTree = "<group>";
		};
		1B05B6A21860E73500C04576 /* InfoPlist.strings */ = {
			isa = PBXVariantGroup;
			children = (
				1B05B6A31860E73500C04576 /* en */,
			);
			name = InfoPlist.strings;
			sourceTree = "<group>";
		};
/* End PBXVariantGroup section */

/* Begin XCBuildConfiguration section */
		1B05B6A71860E73500C04576 /* Debug */ = {
			isa = XCBuildConfiguration;
			buildSettings = {
				ALWAYS_SEARCH_USER_PATHS = NO;
				ARCHS = "$(ARCHS_STANDARD_INCLUDING_64_BIT)";
				CLANG_CXX_LANGUAGE_STANDARD = "gnu++0x";
				CLANG_CXX_LIBRARY = "libc++";
				CLANG_ENABLE_MODULES = YES;
				CLANG_ENABLE_OBJC_ARC = YES;
				CLANG_WARN_BOOL_CONVERSION = YES;
				CLANG_WARN_CONSTANT_CONVERSION = YES;
				CLANG_WARN_DIRECT_OBJC_ISA_USAGE = YES_ERROR;
				CLANG_WARN_EMPTY_BODY = YES;
				CLANG_WARN_ENUM_CONVERSION = YES;
				CLANG_WARN_INT_CONVERSION = YES;
				CLANG_WARN_OBJC_ROOT_CLASS = YES_ERROR;
				CLANG_WARN__DUPLICATE_METHOD_MATCH = YES;
				"CODE_SIGN_IDENTITY[sdk=iphoneos*]" = "iPhone Developer";
				COPY_PHASE_STRIP = NO;
				GCC_C_LANGUAGE_STANDARD = gnu99;
				GCC_DYNAMIC_NO_PIC = NO;
				GCC_OPTIMIZATION_LEVEL = 0;
				GCC_PREPROCESSOR_DEFINITIONS = (
					"DEBUG=1",
					"$(inherited)",
				);
				GCC_SYMBOLS_PRIVATE_EXTERN = NO;
				GCC_WARN_64_TO_32_BIT_CONVERSION = YES;
				GCC_WARN_ABOUT_RETURN_TYPE = YES_ERROR;
				GCC_WARN_UNDECLARED_SELECTOR = YES;
				GCC_WARN_UNINITIALIZED_AUTOS = YES_AGGRESSIVE;
				GCC_WARN_UNUSED_FUNCTION = YES;
				GCC_WARN_UNUSED_VARIABLE = YES;
				IPHONEOS_DEPLOYMENT_TARGET = 7.1;
				ONLY_ACTIVE_ARCH = YES;
				SDKROOT = iphoneos;
			};
			name = Debug;
		};
		1B05B6A81860E73500C04576 /* Release */ = {
			isa = XCBuildConfiguration;
			buildSettings = {
				ALWAYS_SEARCH_USER_PATHS = NO;
				ARCHS = "$(ARCHS_STANDARD_INCLUDING_64_BIT)";
				CLANG_CXX_LANGUAGE_STANDARD = "gnu++0x";
				CLANG_CXX_LIBRARY = "libc++";
				CLANG_ENABLE_MODULES = YES;
				CLANG_ENABLE_OBJC_ARC = YES;
				CLANG_WARN_BOOL_CONVERSION = YES;
				CLANG_WARN_CONSTANT_CONVERSION = YES;
				CLANG_WARN_DIRECT_OBJC_ISA_USAGE = YES_ERROR;
				CLANG_WARN_EMPTY_BODY = YES;
				CLANG_WARN_ENUM_CONVERSION = YES;
				CLANG_WARN_INT_CONVERSION = YES;
				CLANG_WARN_OBJC_ROOT_CLASS = YES_ERROR;
				CLANG_WARN__DUPLICATE_METHOD_MATCH = YES;
				"CODE_SIGN_IDENTITY[sdk=iphoneos*]" = "iPhone Developer";
				COPY_PHASE_STRIP = YES;
				ENABLE_NS_ASSERTIONS = NO;
				GCC_C_LANGUAGE_STANDARD = gnu99;
				GCC_WARN_64_TO_32_BIT_CONVERSION = YES;
				GCC_WARN_ABOUT_RETURN_TYPE = YES_ERROR;
				GCC_WARN_UNDECLARED_SELECTOR = YES;
				GCC_WARN_UNINITIALIZED_AUTOS = YES_AGGRESSIVE;
				GCC_WARN_UNUSED_FUNCTION = YES;
				GCC_WARN_UNUSED_VARIABLE = YES;
				IPHONEOS_DEPLOYMENT_TARGET = 7.1;
				SDKROOT = iphoneos;
				VALIDATE_PRODUCT = YES;
			};
			name = Release;
		};
		1B05B6AA1860E73500C04576 /* Debug */ = {
			isa = XCBuildConfiguration;
			buildSettings = {
				ASSETCATALOG_COMPILER_APPICON_NAME = AppIcon;
				ASSETCATALOG_COMPILER_LAUNCHIMAGE_NAME = LaunchImage;
				GCC_PRECOMPILE_PREFIX_HEADER = YES;
				GCC_PREFIX_HEADER = "iOS RegExp Tester/iOS RegExp Tester-Prefix.pch";
				INFOPLIST_FILE = "iOS RegExp Tester/iOS RegExp Tester-Info.plist";
				PRODUCT_NAME = "$(TARGET_NAME)";
				WRAPPER_EXTENSION = app;
			};
			name = Debug;
		};
		1B05B6AB1860E73500C04576 /* Release */ = {
			isa = XCBuildConfiguration;
			buildSettings = {
				ASSETCATALOG_COMPILER_APPICON_NAME = AppIcon;
				ASSETCATALOG_COMPILER_LAUNCHIMAGE_NAME = LaunchImage;
				GCC_PRECOMPILE_PREFIX_HEADER = YES;
				GCC_PREFIX_HEADER = "iOS RegExp Tester/iOS RegExp Tester-Prefix.pch";
				INFOPLIST_FILE = "iOS RegExp Tester/iOS RegExp Tester-Info.plist";
				PRODUCT_NAME = "$(TARGET_NAME)";
				WRAPPER_EXTENSION = app;
			};
			name = Release;
		};
		1B05B6AD1860E73500C04576 /* Debug */ = {
			isa = XCBuildConfiguration;
			buildSettings = {
				ARCHS = "$(ARCHS_STANDARD_INCLUDING_64_BIT)";
				BUNDLE_LOADER = "$(BUILT_PRODUCTS_DIR)/iOS RegExp Tester.app/iOS RegExp Tester";
				FRAMEWORK_SEARCH_PATHS = (
					"$(SDKROOT)/Developer/Library/Frameworks",
					"$(inherited)",
					"$(DEVELOPER_FRAMEWORKS_DIR)",
				);
				GCC_PRECOMPILE_PREFIX_HEADER = YES;
				GCC_PREFIX_HEADER = "iOS RegExp Tester/iOS RegExp Tester-Prefix.pch";
				GCC_PREPROCESSOR_DEFINITIONS = (
					"DEBUG=1",
					"$(inherited)",
				);
				INFOPLIST_FILE = "iOS RegExp TesterTests/iOS RegExp TesterTests-Info.plist";
				PRODUCT_NAME = "$(TARGET_NAME)";
				TEST_HOST = "$(BUNDLE_LOADER)";
				WRAPPER_EXTENSION = xctest;
			};
			name = Debug;
		};
		1B05B6AE1860E73500C04576 /* Release */ = {
			isa = XCBuildConfiguration;
			buildSettings = {
				ARCHS = "$(ARCHS_STANDARD_INCLUDING_64_BIT)";
				BUNDLE_LOADER = "$(BUILT_PRODUCTS_DIR)/iOS RegExp Tester.app/iOS RegExp Tester";
				FRAMEWORK_SEARCH_PATHS = (
					"$(SDKROOT)/Developer/Library/Frameworks",
					"$(inherited)",
					"$(DEVELOPER_FRAMEWORKS_DIR)",
				);
				GCC_PRECOMPILE_PREFIX_HEADER = YES;
				GCC_PREFIX_HEADER = "iOS RegExp Tester/iOS RegExp Tester-Prefix.pch";
				INFOPLIST_FILE = "iOS RegExp TesterTests/iOS RegExp TesterTests-Info.plist";
				PRODUCT_NAME = "$(TARGET_NAME)";
				TEST_HOST = "$(BUNDLE_LOADER)";
				WRAPPER_EXTENSION = xctest;
			};
			name = Release;
		};
/* End XCBuildConfiguration section */

/* Begin XCConfigurationList section */
		1B05B6721860E73500C04576 /* Build configuration list for PBXProject "iOS RegExp Tester" */ = {
			isa = XCConfigurationList;
			buildConfigurations = (
				1B05B6A71860E73500C04576 /* Debug */,
				1B05B6A81860E73500C04576 /* Release */,
			);
			defaultConfigurationIsVisible = 0;
			defaultConfigurationName = Release;
		};
		1B05B6A91860E73500C04576 /* Build configuration list for PBXNativeTarget "iOS RegExp Tester" */ = {
			isa = XCConfigurationList;
			buildConfigurations = (
				1B05B6AA1860E73500C04576 /* Debug */,
				1B05B6AB1860E73500C04576 /* Release */,
			);
			defaultConfigurationIsVisible = 0;
		};
		1B05B6AC1860E73500C04576 /* Build configuration list for PBXNativeTarget "iOS RegExp TesterTests" */ = {
			isa = XCConfigurationList;
			buildConfigurations = (
				1B05B6AD1860E73500C04576 /* Debug */,
				1B05B6AE1860E73500C04576 /* Release */,
			);
			defaultConfigurationIsVisible = 0;
		};
/* End XCConfigurationList section */
	};
	rootObject = 1B05B66F1860E73500C04576 /* Project object */;
}
